# THIS IS AN AUTOGENERATED FILE. DO NOT EDIT THIS FILE DIRECTLY.
# yarn lockfile v1


"@babel/parser@^7.18.4":
  "integrity" "sha512-DI4a1oZuf8wC+oAJA9RW6ga3Zbe8RZFt7kD9i4qAspz3I/yHet1VvC3DiSy/fsUvv5pvJuNPh0LPOdCcqinDPg=="
  "resolved" "https://registry.npmjs.org/@babel/parser/-/parser-7.20.15.tgz"
  "version" "7.20.15"

"@babel/runtime@^7.8.3":
  "integrity" "sha512-+AATMUFppJDw6aiR5NVPHqIQBlV/Pj8wY/EZH+lmvRdUo9xBaz/rF3alAwFJQavvKfeOlPE7oaaDHVbcySbCsg=="
  "resolved" "https://registry.npmjs.org/@babel/runtime/-/runtime-7.8.7.tgz"
  "version" "7.8.7"
  dependencies:
    "regenerator-runtime" "^0.13.4"

"@vue/compiler-sfc@2.7.14":
  "integrity" "sha512-aNmNHyLPsw+sVvlQFQ2/8sjNuLtK54TC6cuKnVzAY93ks4ZBrvwQSnkkIh7bsbNhum5hJBS00wSDipQ937f5DA=="
  "resolved" "https://registry.npmjs.org/@vue/compiler-sfc/-/compiler-sfc-2.7.14.tgz"
  "version" "2.7.14"
  dependencies:
    "@babel/parser" "^7.18.4"
    "postcss" "^8.4.14"
    "source-map" "^0.6.1"

"asn1.js@^4.0.0":
  "integrity" "sha512-p32cOF5q0Zqs9uBiONKYLm6BClCoBCM5O9JfeUSlnQLBTxYdTK+pW+nXflm8UkKd2UYlEbYz5qEi0JuZR9ckSw=="
  "resolved" "https://registry.npmjs.org/asn1.js/-/asn1.js-4.10.1.tgz"
  "version" "4.10.1"
  dependencies:
    "bn.js" "^4.0.0"
    "inherits" "^2.0.1"
    "minimalistic-assert" "^1.0.0"

"assert@^1.4.1":
  "version" "1.4.1"
  dependencies:
    "util" "0.10.3"

"base64-js@^1.0.2":
  "version" "1.3.0"

"bn.js@^4.0.0", "bn.js@^4.1.0", "bn.js@^4.1.1", "bn.js@^4.4.0":
  "integrity" "sha512-ItfYfPLkWHUjckQCk8xC+LwxgK8NYcXywGigJgSwOP8Y2iyWT4f2vsZnoOXTTbo+o5yXmIUJ4gn5538SO5S3gA=="
  "resolved" "https://registry.npmjs.org/bn.js/-/bn.js-4.11.8.tgz"
  "version" "4.11.8"

"brorand@^1.0.1":
  "integrity" "sha1-EsJe/kCkXjwyPrhnWgoM5XsiNx8="
  "resolved" "https://registry.npmjs.org/brorand/-/brorand-1.1.0.tgz"
  "version" "1.1.0"

"browserify-aes@^1.0.0", "browserify-aes@^1.0.4":
  "integrity" "sha512-+7CHXqGuspUn/Sl5aO7Ea0xWGAtETPXNSAjHo48JfLdPWcMng33Xe4znFvQweqc/uzk5zSOI3H52CYnjCfb5hA=="
  "resolved" "https://registry.npmjs.org/browserify-aes/-/browserify-aes-1.2.0.tgz"
  "version" "1.2.0"
  dependencies:
    "buffer-xor" "^1.0.3"
    "cipher-base" "^1.0.0"
    "create-hash" "^1.1.0"
    "evp_bytestokey" "^1.0.3"
    "inherits" "^2.0.1"
    "safe-buffer" "^5.0.1"

"browserify-cipher@^1.0.0":
  "integrity" "sha512-sPhkz0ARKbf4rRQt2hTpAHqn47X3llLkUGn+xEJzLjwY8LRs2p0v7ljvI5EyoRO/mexrNunNECisZs+gw2zz1w=="
  "resolved" "https://registry.npmjs.org/browserify-cipher/-/browserify-cipher-1.0.1.tgz"
  "version" "1.0.1"
  dependencies:
    "browserify-aes" "^1.0.4"
    "browserify-des" "^1.0.0"
    "evp_bytestokey" "^1.0.0"

"browserify-des@^1.0.0":
  "integrity" "sha512-BioO1xf3hFwz4kc6iBhI3ieDFompMhrMlnDFC4/0/vd5MokpuAc3R+LYbwTA9A5Yc9pq9UYPqffKpW2ObuwX5A=="
  "resolved" "https://registry.npmjs.org/browserify-des/-/browserify-des-1.0.2.tgz"
  "version" "1.0.2"
  dependencies:
    "cipher-base" "^1.0.1"
    "des.js" "^1.0.0"
    "inherits" "^2.0.1"
    "safe-buffer" "^5.1.2"

"browserify-rsa@^4.0.0":
  "integrity" "sha1-IeCr+vbyApzy+vsTNWenAdQTVSQ="
  "resolved" "https://registry.npmjs.org/browserify-rsa/-/browserify-rsa-4.0.1.tgz"
  "version" "4.0.1"
  dependencies:
    "bn.js" "^4.1.0"
    "randombytes" "^2.0.1"

"browserify-sign@^4.0.0":
  "integrity" "sha1-qk62jl17ZYuqa/alfmMMvXqT0pg="
  "resolved" "https://registry.npmjs.org/browserify-sign/-/browserify-sign-4.0.4.tgz"
  "version" "4.0.4"
  dependencies:
    "bn.js" "^4.1.1"
    "browserify-rsa" "^4.0.0"
    "create-hash" "^1.1.0"
    "create-hmac" "^1.1.2"
    "elliptic" "^6.0.0"
    "inherits" "^2.0.1"
    "parse-asn1" "^5.0.0"

"browserify-zlib@^0.2.0":
  "integrity" "sha512-Z942RysHXmJrhqk88FmKBVq/v5tqmSkDz7p54G/MGyjMnCFFnC79XWNbg+Vta8W6Wb2qtSZTSxIGkJrRpCFEiA=="
  "resolved" "https://registry.npmjs.org/browserify-zlib/-/browserify-zlib-0.2.0.tgz"
  "version" "0.2.0"
  dependencies:
    "pako" "~1.0.5"

"buffer-xor@^1.0.3":
  "integrity" "sha1-JuYe0UIvtw3ULm42cp7VHYVf6Nk="
  "resolved" "https://registry.npmjs.org/buffer-xor/-/buffer-xor-1.0.3.tgz"
  "version" "1.0.3"

"buffer@^5.2.1":
  "version" "5.2.1"
  dependencies:
    "base64-js" "^1.0.2"
    "ieee754" "^1.1.4"

"builtin-status-codes@^3.0.0":
  "integrity" "sha1-hZgoeOIbmOHGZCXgPQF0eI9Wnug="
  "resolved" "https://registry.npmjs.org/builtin-status-codes/-/builtin-status-codes-3.0.0.tgz"
  "version" "3.0.0"

"cipher-base@^1.0.0", "cipher-base@^1.0.1", "cipher-base@^1.0.3":
  "integrity" "sha512-Kkht5ye6ZGmwv40uUDZztayT2ThLQGfnj/T71N/XzeZeo3nf8foyW7zGTsPYkEya3m5f3cAypH+qe7YOrM1U2Q=="
  "resolved" "https://registry.npmjs.org/cipher-base/-/cipher-base-1.0.4.tgz"
  "version" "1.0.4"
  dependencies:
    "inherits" "^2.0.1"
    "safe-buffer" "^5.0.1"

"console-browserify@^1.1.0":
  "version" "1.1.0"
  dependencies:
    "date-now" "^0.1.4"

"constants-browserify@^1.0.0":
  "integrity" "sha1-wguW2MYXdIqvHBYCF2DNJ/y4y3U="
  "resolved" "https://registry.npmjs.org/constants-browserify/-/constants-browserify-1.0.0.tgz"
  "version" "1.0.0"

"core-util-is@~1.0.0":
  "integrity" "sha1-tf1UIgqivFq1eqtxQMlAdUUDwac="
  "resolved" "https://registry.npmjs.org/core-util-is/-/core-util-is-1.0.2.tgz"
  "version" "1.0.2"

"create-ecdh@^4.0.0":
  "integrity" "sha512-GbEHQPMOswGpKXM9kCWVrremUcBmjteUaQ01T9rkKCPDXfUHX0IoP9LpHYo2NPFampa4e+/pFDc3jQdxrxQLaw=="
  "resolved" "https://registry.npmjs.org/create-ecdh/-/create-ecdh-4.0.3.tgz"
  "version" "4.0.3"
  dependencies:
    "bn.js" "^4.1.0"
    "elliptic" "^6.0.0"

"create-hash@^1.1.0", "create-hash@^1.1.2":
  "integrity" "sha512-z00bCGNHDG8mHAkP7CtT1qVu+bFQUPjYq/4Iv3C3kWjTFV10zIjfSoeqXo9Asws8gwSHDGj/hl2u4OGIjapeCg=="
  "resolved" "https://registry.npmjs.org/create-hash/-/create-hash-1.2.0.tgz"
  "version" "1.2.0"
  dependencies:
    "cipher-base" "^1.0.1"
    "inherits" "^2.0.1"
    "md5.js" "^1.3.4"
    "ripemd160" "^2.0.1"
    "sha.js" "^2.4.0"

"create-hmac@^1.1.0", "create-hmac@^1.1.2", "create-hmac@^1.1.4":
  "integrity" "sha512-MJG9liiZ+ogc4TzUwuvbER1JRdgvUFSB5+VR/g5h82fGaIRWMWddtKBHi7/sVhfjQZ6SehlyhvQYrcYkaUIpLg=="
  "resolved" "https://registry.npmjs.org/create-hmac/-/create-hmac-1.1.7.tgz"
  "version" "1.1.7"
  dependencies:
    "cipher-base" "^1.0.3"
    "create-hash" "^1.1.0"
    "inherits" "^2.0.1"
    "ripemd160" "^2.0.0"
    "safe-buffer" "^5.0.1"
    "sha.js" "^2.4.8"

"crypto-browserify@^3.12.0":
  "integrity" "sha512-fz4spIh+znjO2VjL+IdhEpRJ3YN6sMzITSBijk6FK2UvTqruSQW+/cCZTSNsMiZNvUeq0CqurF+dAbyiGOY6Wg=="
  "resolved" "https://registry.npmjs.org/crypto-browserify/-/crypto-browserify-3.12.0.tgz"
  "version" "3.12.0"
  dependencies:
    "browserify-cipher" "^1.0.0"
    "browserify-sign" "^4.0.0"
    "create-ecdh" "^4.0.0"
    "create-hash" "^1.1.0"
    "create-hmac" "^1.1.0"
    "diffie-hellman" "^5.0.0"
    "inherits" "^2.0.1"
    "pbkdf2" "^3.0.3"
    "public-encrypt" "^4.0.0"
    "randombytes" "^2.0.0"
    "randomfill" "^1.0.3"

"csstype@^3.1.0":
  "integrity" "sha512-DJR/VvkAvSZW9bTouZue2sSxDwdTN92uHjqeKVm+0dAqdfNykRzQ95tay8aXMBAAPpUiq4Qcug2L7neoRh2Egw=="
  "resolved" "https://registry.npmjs.org/csstype/-/csstype-3.1.1.tgz"
  "version" "3.1.1"

"date-now@^0.1.4":
  "version" "0.1.4"

"des.js@^1.0.0":
  "version" "1.0.0"
  dependencies:
    "inherits" "^2.0.1"
    "minimalistic-assert" "^1.0.0"

"diffie-hellman@^5.0.0":
  "integrity" "sha512-kqag/Nl+f3GwyK25fhUMYj81BUOrZ9IuJsjIcDE5icNM9FJHAVm3VcUDxdLPoQtTuUylWm6ZIknYJwwaPxsUzg=="
  "resolved" "https://registry.npmjs.org/diffie-hellman/-/diffie-hellman-5.0.3.tgz"
  "version" "5.0.3"
  dependencies:
    "bn.js" "^4.1.0"
    "miller-rabin" "^4.0.0"
    "randombytes" "^2.0.0"

"domain-browser@^1.2.0":
  "integrity" "sha512-jnjyiM6eRyZl2H+W8Q/zLMA481hzi0eszAaBUzIVnmYVDBbnLxVNnfu1HgEBvCbL+71FrxMl3E6lpKH7Ge3OXA=="
  "resolved" "https://registry.npmjs.org/domain-browser/-/domain-browser-1.2.0.tgz"
  "version" "1.2.0"

"elliptic@^6.0.0":
  "version" "6.4.1"
  dependencies:
    "bn.js" "^4.4.0"
    "brorand" "^1.0.1"
    "hash.js" "^1.0.0"
    "hmac-drbg" "^1.0.0"
    "inherits" "^2.0.1"
    "minimalistic-assert" "^1.0.0"
    "minimalistic-crypto-utils" "^1.0.0"

"events@^3.0.0":
  "version" "3.0.0"

"evp_bytestokey@^1.0.0", "evp_bytestokey@^1.0.3":
  "integrity" "sha512-/f2Go4TognH/KvCISP7OUsHn85hT9nUkxxA9BEWxFn+Oj9o8ZNLm/40hdlgSLyuOimsrTKLUMEorQexp/aPQeA=="
  "resolved" "https://registry.npmjs.org/evp_bytestokey/-/evp_bytestokey-1.0.3.tgz"
  "version" "1.0.3"
  dependencies:
    "md5.js" "^1.3.4"
    "safe-buffer" "^5.1.1"

"hash-base@^3.0.0":
  "integrity" "sha1-X8hoaEfs1zSZQDMZprCj8/auSRg="
  "resolved" "https://registry.npmjs.org/hash-base/-/hash-base-3.0.4.tgz"
  "version" "3.0.4"
  dependencies:
    "inherits" "^2.0.1"
    "safe-buffer" "^5.0.1"

"hash.js@^1.0.0", "hash.js@^1.0.3":
  "integrity" "sha512-taOaskGt4z4SOANNseOviYDvjEJinIkRgmp7LbKP2YTTmVxWBl87s/uzK9r+44BclBSp2X7K1hqeNfz9JbBeXA=="
  "resolved" "https://registry.npmjs.org/hash.js/-/hash.js-1.1.7.tgz"
  "version" "1.1.7"
  dependencies:
    "inherits" "^2.0.3"
    "minimalistic-assert" "^1.0.1"

"hmac-drbg@^1.0.0":
  "integrity" "sha1-0nRXAQJabHdabFRXk+1QL8DGSaE="
  "resolved" "https://registry.npmjs.org/hmac-drbg/-/hmac-drbg-1.0.1.tgz"
  "version" "1.0.1"
  dependencies:
    "hash.js" "^1.0.3"
    "minimalistic-assert" "^1.0.0"
    "minimalistic-crypto-utils" "^1.0.1"

"https-browserify@^1.0.0":
  "integrity" "sha1-7AbBDgo0wPL68Zn3/X/Hj//QPHM="
  "resolved" "https://registry.npmjs.org/https-browserify/-/https-browserify-1.0.0.tgz"
  "version" "1.0.0"

"ieee754@^1.1.4":
  "integrity" "sha512-4vf7I2LYV/HaWerSo3XmlMkp5eZ83i+/CDluXi/IGTs/O1sejBNhTtnxzmRZfvOUqj7lZjqHkeTvpgSFDlWZTg=="
  "resolved" "https://registry.npmjs.org/ieee754/-/ieee754-1.1.13.tgz"
  "version" "1.1.13"

"inherits@^2.0.1", "inherits@~2.0.1", "inherits@2.0.1":
  "integrity" "sha1-sX0I0ya0Qj5Wjv9xn5GwscvfafE="
  "resolved" "https://registry.npmjs.org/inherits/-/inherits-2.0.1.tgz"
  "version" "2.0.1"

"inherits@^2.0.3":
  "version" "2.0.3"

"inherits@~2.0.3":
  "version" "2.0.3"

"inherits@2.0.3":
  "integrity" "sha1-Yzwsg+PaQqUC9SRmAiSA9CCCYd4="
  "resolved" "https://registry.npmjs.org/inherits/-/inherits-2.0.3.tgz"
  "version" "2.0.3"

"isarray@~1.0.0":
  "integrity" "sha1-u5NdSFgsuhaMBoNJV6VKPgcSTxE="
  "resolved" "https://registry.npmjs.org/isarray/-/isarray-1.0.0.tgz"
  "version" "1.0.0"

"jquery@^3.4.1":
  "integrity" "sha512-36+AdBzCL+y6qjw5Tx7HgzeGCzC81MDDgaUP8ld2zhx58HdqXGoBd+tHdrBMiyjGQs0Hxs/MLZTu/eHNJJuWPw=="
  "resolved" "https://registry.npmjs.org/jquery/-/jquery-3.4.1.tgz"
  "version" "3.4.1"

"lodash.omit@^4.5.0":
  "integrity" "sha512-XeqSp49hNGmlkj2EJlfrQFIzQ6lXdNro9sddtQzcJY8QaoC2GO0DT7xaIokHeyM+mIT0mPMlPvkYzg2xCuHdZg=="
  "resolved" "https://registry.npmjs.org/lodash.omit/-/lodash.omit-4.5.0.tgz"
  "version" "4.5.0"

"md5.js@^1.3.4":
  "integrity" "sha512-xitP+WxNPcTTOgnTJcrhM0xvdPepipPSf3I8EIpGKeFLjt3PlJLIDG3u8EX53ZIubkb+5U2+3rELYpEhHhzdkg=="
  "resolved" "https://registry.npmjs.org/md5.js/-/md5.js-1.3.5.tgz"
  "version" "1.3.5"
  dependencies:
    "hash-base" "^3.0.0"
    "inherits" "^2.0.1"
    "safe-buffer" "^5.1.2"

"meteor-node-stubs@^1.0.0":
  "integrity" "sha512-QJwyv23wyXD3uEMzk5Xr/y5ezoVlCbHvBbrgdkVadn84dmifLRbs0PtD6EeNw5NLIk+SQSfxld7IMdEsneGz5w=="
  "resolved" "https://registry.npmjs.org/meteor-node-stubs/-/meteor-node-stubs-1.0.0.tgz"
  "version" "1.0.0"
  dependencies:
    "assert" "^1.4.1"
    "browserify-zlib" "^0.2.0"
    "buffer" "^5.2.1"
    "console-browserify" "^1.1.0"
    "constants-browserify" "^1.0.0"
    "crypto-browserify" "^3.12.0"
    "domain-browser" "^1.2.0"
    "events" "^3.0.0"
    "https-browserify" "^1.0.0"
    "os-browserify" "^0.3.0"
    "path-browserify" "^1.0.0"
    "process" "^0.11.10"
    "punycode" "^2.1.1"
    "querystring-es3" "^0.2.1"
    "readable-stream" "^3.3.0"
    "stream-browserify" "^2.0.2"
    "stream-http" "^3.0.0"
    "string_decoder" "^1.2.0"
    "timers-browserify" "^2.0.10"
    "tty-browserify" "0.0.1"
    "url" "^0.11.0"
    "util" "^0.11.1"
    "vm-browserify" "^1.1.0"

"miller-rabin@^4.0.0":
  "integrity" "sha512-115fLhvZVqWwHPbClyntxEVfVDfl9DLLTuJvq3g2O/Oxi8AiNouAHvDSzHS0viUJc+V5vm3eq91Xwqn9dp4jRA=="
  "resolved" "https://registry.npmjs.org/miller-rabin/-/miller-rabin-4.0.1.tgz"
  "version" "4.0.1"
  dependencies:
    "bn.js" "^4.0.0"
    "brorand" "^1.0.1"

"minimalistic-assert@^1.0.0", "minimalistic-assert@^1.0.1":
  "integrity" "sha512-UtJcAD4yEaGtjPezWuO9wC4nwUnVH/8/Im3yEHQP4b67cXlD/Qr9hdITCU1xDbSEXg2XKNaP8jsReV7vQd00/A=="
  "resolved" "https://registry.npmjs.org/minimalistic-assert/-/minimalistic-assert-1.0.1.tgz"
  "version" "1.0.1"

"minimalistic-crypto-utils@^1.0.0", "minimalistic-crypto-utils@^1.0.1":
  "integrity" "sha1-9sAMHAsIIkblxNmd+4x8CDsrWCo="
  "resolved" "https://registry.npmjs.org/minimalistic-crypto-utils/-/minimalistic-crypto-utils-1.0.1.tgz"
  "version" "1.0.1"

"nanoid@^3.3.4":
  "integrity" "sha512-MqBkQh/OHTS2egovRtLk45wEyNXwF+cokD+1YPf9u5VfJiRdAiRwB2froX5Co9Rh20xs4siNPm8naNotSD6RBw=="
  "resolved" "https://registry.npmjs.org/nanoid/-/nanoid-3.3.4.tgz"
  "version" "3.3.4"

"os-browserify@^0.3.0":
  "integrity" "sha1-hUNzx/XCMVkU/Jv8a9gjj92h7Cc="
  "resolved" "https://registry.npmjs.org/os-browserify/-/os-browserify-0.3.0.tgz"
  "version" "0.3.0"

"pako@~1.0.5":
  "version" "1.0.10"

"parse-asn1@^5.0.0":
  "version" "5.1.4"
  dependencies:
    "asn1.js" "^4.0.0"
    "browserify-aes" "^1.0.0"
    "create-hash" "^1.1.0"
    "evp_bytestokey" "^1.0.0"
    "pbkdf2" "^3.0.3"
    "safe-buffer" "^5.1.1"

"path-browserify@^1.0.0":
  "version" "1.0.0"

"pbkdf2@^3.0.3":
  "integrity" "sha512-U/il5MsrZp7mGg3mSQfn742na2T+1/vHDCG5/iTI3X9MKUuYUZVLQhyRsg06mCgDBTd57TxzgZt7P+fYfjRLtA=="
  "resolved" "https://registry.npmjs.org/pbkdf2/-/pbkdf2-3.0.17.tgz"
  "version" "3.0.17"
  dependencies:
    "create-hash" "^1.1.2"
    "create-hmac" "^1.1.4"
    "ripemd160" "^2.0.1"
    "safe-buffer" "^5.0.1"
    "sha.js" "^2.4.8"

"picocolors@^1.0.0":
  "integrity" "sha512-1fygroTLlHu66zi26VoTDv8yRgm0Fccecssto+MhsZ0D/DGW2sm8E8AjW7NU5VVTRt5GxbeZ5qBuJr+HyLYkjQ=="
  "resolved" "https://registry.npmjs.org/picocolors/-/picocolors-1.0.0.tgz"
  "version" "1.0.0"

"postcss@^8.4.14":
  "integrity" "sha512-tP7u/Sn/dVxK2NnruI4H9BG+x+Wxz6oeZ1cJ8P6G/PZY0IKk4k/63TDsQf2kQq3+qoJeLm2kIBUNlZe3zgb4Zg=="
  "resolved" "https://registry.npmjs.org/postcss/-/postcss-8.4.21.tgz"
  "version" "8.4.21"
  dependencies:
    "nanoid" "^3.3.4"
    "picocolors" "^1.0.0"
    "source-map-js" "^1.0.2"

"process-nextick-args@~2.0.0":
  "version" "2.0.0"

"process@^0.11.10":
  "integrity" "sha1-czIwDoQBYb2j5podHZGn1LwW8YI="
  "resolved" "https://registry.npmjs.org/process/-/process-0.11.10.tgz"
  "version" "0.11.10"

"public-encrypt@^4.0.0":
  "integrity" "sha512-zVpa8oKZSz5bTMTFClc1fQOnyyEzpl5ozpi1B5YcvBrdohMjH2rfsBtyXcuNuwjsDIXmBYlF2N5FlJYhR29t8Q=="
  "resolved" "https://registry.npmjs.org/public-encrypt/-/public-encrypt-4.0.3.tgz"
  "version" "4.0.3"
  dependencies:
    "bn.js" "^4.1.0"
    "browserify-rsa" "^4.0.0"
    "create-hash" "^1.1.0"
    "parse-asn1" "^5.0.0"
    "randombytes" "^2.0.1"
    "safe-buffer" "^5.1.2"

"punycode@^2.1.1":
  "integrity" "sha512-XRsRjdf+j5ml+y/6GKHPZbrF/8p2Yga0JPtdqTIY2Xe5ohJPD9saDJJLPvp9+NSBprVvevdXZybnj2cv8OEd0A=="
  "resolved" "https://registry.npmjs.org/punycode/-/punycode-2.1.1.tgz"
  "version" "2.1.1"

"punycode@1.3.2":
  "integrity" "sha1-llOgNvt8HuQjQvIyXM7v6jkmxI0="
  "resolved" "https://registry.npmjs.org/punycode/-/punycode-1.3.2.tgz"
  "version" "1.3.2"

"querystring-es3@^0.2.1":
  "integrity" "sha1-nsYfeQSYdXB9aUFFlv2Qek1xHnM="
  "resolved" "https://registry.npmjs.org/querystring-es3/-/querystring-es3-0.2.1.tgz"
  "version" "0.2.1"

"querystring@0.2.0":
  "integrity" "sha1-sgmEkgO7Jd+CDadW50cAWHhSFiA="
  "resolved" "https://registry.npmjs.org/querystring/-/querystring-0.2.0.tgz"
  "version" "0.2.0"

"randombytes@^2.0.0", "randombytes@^2.0.1", "randombytes@^2.0.5":
  "integrity" "sha512-vYl3iOX+4CKUWuxGi9Ukhie6fsqXqS9FE2Zaic4tNFD2N2QQaXOMFbuKK4QmDHC0JO6B1Zp41J0LpT0oR68amQ=="
  "resolved" "https://registry.npmjs.org/randombytes/-/randombytes-2.1.0.tgz"
  "version" "2.1.0"
  dependencies:
    "safe-buffer" "^5.1.0"

"randomfill@^1.0.3":
  "integrity" "sha512-87lcbR8+MhcWcUiQ+9e+Rwx8MyR2P7qnt15ynUlbm3TU/fjbgz4GsvfSUDTemtCCtVCqb4ZcEFlyPNTh9bBTLw=="
  "resolved" "https://registry.npmjs.org/randomfill/-/randomfill-1.0.4.tgz"
  "version" "1.0.4"
  dependencies:
    "randombytes" "^2.0.5"
    "safe-buffer" "^5.1.0"

"readable-stream@^2.0.2":
  "version" "2.3.6"
  dependencies:
    "core-util-is" "~1.0.0"
    "inherits" "~2.0.3"
    "isarray" "~1.0.0"
    "process-nextick-args" "~2.0.0"
    "safe-buffer" "~5.1.1"
    "string_decoder" "~1.1.1"
    "util-deprecate" "~1.0.1"

"readable-stream@^3.0.6", "readable-stream@^3.3.0":
  "version" "3.3.0"
  dependencies:
    "inherits" "^2.0.3"
    "string_decoder" "^1.1.1"
    "util-deprecate" "^1.0.1"

"regenerator-runtime@^0.13.4":
  "integrity" "sha512-ZS5w8CpKFinUzOwW3c83oPeVXoNsrLsaCoLtJvAClH135j/R77RuymhiSErhm2lKcwSCIpmvIWSbDkIfAqKQlA=="
  "resolved" "https://registry.npmjs.org/regenerator-runtime/-/regenerator-runtime-0.13.5.tgz"
  "version" "0.13.5"

"ripemd160@^2.0.0", "ripemd160@^2.0.1":
  "integrity" "sha512-ii4iagi25WusVoiC4B4lq7pbXfAp3D9v5CwfkY33vffw2+pkDjY1D8GaN7spsxvCSx8dkPqOZCEZyfxcmJG2IA=="
  "resolved" "https://registry.npmjs.org/ripemd160/-/ripemd160-2.0.2.tgz"
  "version" "2.0.2"
  dependencies:
    "hash-base" "^3.0.0"
    "inherits" "^2.0.1"

"safe-buffer@^5.0.1", "safe-buffer@^5.1.0", "safe-buffer@^5.1.1", "safe-buffer@^5.1.2", "safe-buffer@~5.1.0", "safe-buffer@~5.1.1":
  "integrity" "sha512-Gd2UZBJDkXlY7GbJxfsE8/nvKkUEU1G38c1siN6QP6a9PT9MmHB8GnpscSmMJSoF8LOIrt8ud/wPtojys4G6+g=="
  "resolved" "https://registry.npmjs.org/safe-buffer/-/safe-buffer-5.1.2.tgz"
  "version" "5.1.2"

"setimmediate@^1.0.4":
  "integrity" "sha1-KQy7Iy4waULX1+qbg3Mqt4VvgoU="
  "resolved" "https://registry.npmjs.org/setimmediate/-/setimmediate-1.0.5.tgz"
  "version" "1.0.5"

"sha.js@^2.4.0", "sha.js@^2.4.8":
  "integrity" "sha512-QMEp5B7cftE7APOjk5Y6xgrbWu+WkLVQwk8JNjZ8nKRciZaByEW6MubieAiToS7+dwvrjGhH8jRXz3MVd0AYqQ=="
  "resolved" "https://registry.npmjs.org/sha.js/-/sha.js-2.4.11.tgz"
  "version" "2.4.11"
  dependencies:
    "inherits" "^2.0.1"
    "safe-buffer" "^5.0.1"

"source-map-js@^1.0.2":
  "integrity" "sha512-R0XvVJ9WusLiqTCEiGCmICCMplcCkIwwR11mOSD9CR5u+IXYdiseeEuXCVAjS54zqwkLcPNnmU4OeJ6tUrWhDw=="
  "resolved" "https://registry.npmjs.org/source-map-js/-/source-map-js-1.0.2.tgz"
  "version" "1.0.2"

"source-map@^0.6.1":
  "integrity" "sha512-UjgapumWlbMhkBgzT7Ykc5YXUT46F0iKu8SGXq0bcwP5dz/h0Plj6enJqjz1Zbq2l5WaqYnrVbwWOWMyF3F47g=="
  "resolved" "https://registry.npmjs.org/source-map/-/source-map-0.6.1.tgz"
  "version" "0.6.1"

"stream-browserify@^2.0.2":
  "integrity" "sha512-nX6hmklHs/gr2FuxYDltq8fJA1GDlxKQCz8O/IM4atRqBH8OORmBNgfvW5gG10GT/qQ9u0CzIvr2X5Pkt6ntqg=="
  "resolved" "https://registry.npmjs.org/stream-browserify/-/stream-browserify-2.0.2.tgz"
  "version" "2.0.2"
  dependencies:
    "inherits" "~2.0.1"
    "readable-stream" "^2.0.2"

"stream-http@^3.0.0":
  "version" "3.0.0"
  dependencies:
    "builtin-status-codes" "^3.0.0"
    "inherits" "^2.0.1"
    "readable-stream" "^3.0.6"
    "xtend" "^4.0.0"

"string_decoder@^1.1.1", "string_decoder@^1.2.0":
  "version" "1.2.0"
  dependencies:
    "safe-buffer" "~5.1.0"

"string_decoder@~1.1.1":
  "integrity" "sha512-n/ShnvDi6FHbbVfviro+WojiFzv+s8MPMHBczVePfUpDJLwoLT0ht1l4YwBCbi8pJAveEEdnkHyPyTP/mzRfwg=="
  "resolved" "https://registry.npmjs.org/string_decoder/-/string_decoder-1.1.1.tgz"
  "version" "1.1.1"
  dependencies:
    "safe-buffer" "~5.1.0"

"timers-browserify@^2.0.10":
  "version" "2.0.10"
  dependencies:
    "setimmediate" "^1.0.4"

"tty-browserify@0.0.1":
  "integrity" "sha512-C3TaO7K81YvjCgQH9Q1S3R3P3BtN3RIM8n+OvX4il1K1zgE8ZhI0op7kClgkxtutIE8hQrcrHBXvIheqKUUCxw=="
  "resolved" "https://registry.npmjs.org/tty-browserify/-/tty-browserify-0.0.1.tgz"
  "version" "0.0.1"

"url@^0.11.0":
  "integrity" "sha1-ODjpfPxgUh63PFJajlW/3Z4uKPE="
  "resolved" "https://registry.npmjs.org/url/-/url-0.11.0.tgz"
  "version" "0.11.0"
  dependencies:
    "punycode" "1.3.2"
    "querystring" "0.2.0"

"util-deprecate@^1.0.1", "util-deprecate@~1.0.1":
  "integrity" "sha1-RQ1Nyfpw3nMnYvvS1KKJgUGaDM8="
  "resolved" "https://registry.npmjs.org/util-deprecate/-/util-deprecate-1.0.2.tgz"
  "version" "1.0.2"

"util@^0.11.1":
  "integrity" "sha512-HShAsny+zS2TZfaXxD9tYj4HQGlBezXZMZuM/S5PKLLoZkShZiGk9o5CzukI1LVHZvjdvZ2Sj1aW/Ndn2NB/HQ=="
  "resolved" "https://registry.npmjs.org/util/-/util-0.11.1.tgz"
  "version" "0.11.1"
  dependencies:
    "inherits" "2.0.3"

"util@0.10.3":
  "integrity" "sha1-evsa/lCAUkZInj23/g7TeTNqwPk="
  "resolved" "https://registry.npmjs.org/util/-/util-0.10.3.tgz"
  "version" "0.10.3"
  dependencies:
    "inherits" "2.0.1"

"vm-browserify@^1.1.0":
  "version" "1.1.0"

"vue-meteor-tracker@^2.0.0-beta.5":
  "integrity" "sha512-nycG/37787ddogJoEVKOhKWEWJvkfXRXst64A6bX0aVlUA6p5oMpKjwbiSfFMkew/ATyUuarmp4bxIBoCa423Q=="
  "resolved" "https://registry.npmjs.org/vue-meteor-tracker/-/vue-meteor-tracker-2.0.0.tgz"
  "version" "2.0.0"
  dependencies:
    "lodash.omit" "^4.5.0"

"vue-zoomer@^0.3.10":
  "integrity" "sha512-wfdiGpCJVNvCGbD0YCaVbE0m8hlw3VWWp8L5baRfe8VvSSTYG568r6KO6KsksSpOPTywLRCctIEP8Ctxfdb8Kg=="
  "resolved" "https://registry.npmjs.org/vue-zoomer/-/vue-zoomer-0.3.10.tgz"
  "version" "0.3.10"

"vue@^2.6.11", "vue@^2.6.4":
  "integrity" "sha512-b2qkFyOM0kwqWFuQmgd4o+uHGU7T+2z3T+WQp8UBjADfEv2n4FEMffzBmCKNP0IGzOEEfYjvtcC62xaSKeQDrQ=="
  "resolved" "https://registry.npmjs.org/vue/-/vue-2.7.14.tgz"
  "version" "2.7.14"
  dependencies:
    "@vue/compiler-sfc" "2.7.14"
    "csstype" "^3.1.0"

"vuetify@^2.2.27":
  "integrity" "sha512-nr6wU3uTzhhEPssH23cW0Ee/hCrayp7cjl3nNjM2OmNwiJlV91tZiL1VO3597SqZyjh1xIa+m9J2rpKTSdIlrA=="
  "resolved" "https://registry.npmjs.org/vuetify/-/vuetify-2.6.14.tgz"
  "version" "2.6.14"

"xtend@^4.0.0":
  "version" "4.0.1"
